// !$*UTF8*$!
{
	archiveVersion = 1;
	classes = {
	};
	objectVersion = 56;
	objects = {

/* Begin PBXBuildFile section */
		14209B402AA01A6D0058BC88 /* HomeView.swift in Sources */ = {isa = PBXBuildFile; fileRef = 14209B3F2AA01A6D0058BC88 /* HomeView.swift */; };
		14209B422AA01A760058BC88 /* HomeViewController.swift in Sources */ = {isa = PBXBuildFile; fileRef = 14209B412AA01A760058BC88 /* HomeViewController.swift */; };
		14578EB32A9EC73E0021DD03 /* APIService.swift in Sources */ = {isa = PBXBuildFile; fileRef = 14578EB22A9EC73E0021DD03 /* APIService.swift */; };
		14578EB52A9EEBD30021DD03 /* URLSessionViewController.swift in Sources */ = {isa = PBXBuildFile; fileRef = 14578EB42A9EEBD30021DD03 /* URLSessionViewController.swift */; };
		14578EBA2A9F49400021DD03 /* ProfileImageView.swift in Sources */ = {isa = PBXBuildFile; fileRef = 14578EB92A9F49400021DD03 /* ProfileImageView.swift */; };
		14578EBC2A9F4A570021DD03 /* AvatarImageView.swift in Sources */ = {isa = PBXBuildFile; fileRef = 14578EBB2A9F4A570021DD03 /* AvatarImageView.swift */; };
		14578EBF2A9F5B2C0021DD03 /* MainTableViewCell.swift in Sources */ = {isa = PBXBuildFile; fileRef = 14578EBE2A9F5B2C0021DD03 /* MainTableViewCell.swift */; };
		14578EC12A9F5B730021DD03 /* BaseTableViewCell.swift in Sources */ = {isa = PBXBuildFile; fileRef = 14578EC02A9F5B730021DD03 /* BaseTableViewCell.swift */; };
		14578EC32A9F674C0021DD03 /* MainImageTableViewCell.swift in Sources */ = {isa = PBXBuildFile; fileRef = 14578EC22A9F674C0021DD03 /* MainImageTableViewCell.swift */; };
		14578EC52A9F6CED0021DD03 /* NextViewController.swift in Sources */ = {isa = PBXBuildFile; fileRef = 14578EC42A9F6CED0021DD03 /* NextViewController.swift */; };
		14578EC82A9F6D470021DD03 /* NextView.swift in Sources */ = {isa = PBXBuildFile; fileRef = 14578EC72A9F6D470021DD03 /* NextView.swift */; };
		147917FB2A9D7BD200FCCDD3 /* Notification.Name + Extension.swift in Sources */ = {isa = PBXBuildFile; fileRef = 147917FA2A9D7BD200FCCDD3 /* Notification.Name + Extension.swift */; };
		147917FD2A9D7C7300FCCDD3 /* DateView.swift in Sources */ = {isa = PBXBuildFile; fileRef = 147917FC2A9D7C7300FCCDD3 /* DateView.swift */; };
		147917FF2A9D7CFB00FCCDD3 /* DateViewController.swift in Sources */ = {isa = PBXBuildFile; fileRef = 147917FE2A9D7CFB00FCCDD3 /* DateViewController.swift */; };
		147918012A9D8E8F00FCCDD3 /* DateFormat + Extension.swift in Sources */ = {isa = PBXBuildFile; fileRef = 147918002A9D8E8F00FCCDD3 /* DateFormat + Extension.swift */; };
		147918342A9D9BBB00FCCDD3 /* SeSAC3PhotoGramFramework.framework in Frameworks */ = {isa = PBXBuildFile; fileRef = 147918302A9D9B3C00FCCDD3 /* SeSAC3PhotoGramFramework.framework */; };
		147918352A9D9BBB00FCCDD3 /* SeSAC3PhotoGramFramework.framework in Embed Frameworks */ = {isa = PBXBuildFile; fileRef = 147918302A9D9B3C00FCCDD3 /* SeSAC3PhotoGramFramework.framework */; settings = {ATTRIBUTES = (CodeSignOnCopy, RemoveHeadersOnCopy, ); }; };
		1479183B2A9DB55000FCCDD3 /* TitleViewController.swift in Sources */ = {isa = PBXBuildFile; fileRef = 1479183A2A9DB55000FCCDD3 /* TitleViewController.swift */; };
		1479183D2A9DBAA400FCCDD3 /* ContentViewController.swift in Sources */ = {isa = PBXBuildFile; fileRef = 1479183C2A9DBAA400FCCDD3 /* ContentViewController.swift */; };
		1479183F2A9DC76500FCCDD3 /* WebViewController.swift in Sources */ = {isa = PBXBuildFile; fileRef = 1479183E2A9DC76500FCCDD3 /* WebViewController.swift */; };
		147918422A9DD39900FCCDD3 /* MainViewController.swift in Sources */ = {isa = PBXBuildFile; fileRef = 147918412A9DD39900FCCDD3 /* MainViewController.swift */; };
		147918442A9DD45D00FCCDD3 /* NameView.swift in Sources */ = {isa = PBXBuildFile; fileRef = 147918432A9DD45D00FCCDD3 /* NameView.swift */; };
		1479184B2A9DD53F00FCCDD3 /* MainView.swift in Sources */ = {isa = PBXBuildFile; fileRef = 1479184A2A9DD53F00FCCDD3 /* MainView.swift */; };
		148CAA352A9C1D5200861CFC /* AppDelegate.swift in Sources */ = {isa = PBXBuildFile; fileRef = 148CAA342A9C1D5200861CFC /* AppDelegate.swift */; };
		148CAA372A9C1D5200861CFC /* SceneDelegate.swift in Sources */ = {isa = PBXBuildFile; fileRef = 148CAA362A9C1D5200861CFC /* SceneDelegate.swift */; };
		148CAA392A9C1D5200861CFC /* AddViewController.swift in Sources */ = {isa = PBXBuildFile; fileRef = 148CAA382A9C1D5200861CFC /* AddViewController.swift */; };
		148CAA3E2A9C1D5300861CFC /* Assets.xcassets in Resources */ = {isa = PBXBuildFile; fileRef = 148CAA3D2A9C1D5300861CFC /* Assets.xcassets */; };
		148CAA412A9C1D5300861CFC /* LaunchScreen.storyboard in Resources */ = {isa = PBXBuildFile; fileRef = 148CAA3F2A9C1D5300861CFC /* LaunchScreen.storyboard */; };
		148CAA4A2A9C1E2800861CFC /* SnapKit in Frameworks */ = {isa = PBXBuildFile; productRef = 148CAA492A9C1E2800861CFC /* SnapKit */; };
		148CAA4C2A9C23BC00861CFC /* BaseViewController.swift in Sources */ = {isa = PBXBuildFile; fileRef = 148CAA4B2A9C23BC00861CFC /* BaseViewController.swift */; };
		148CAA502A9C275600861CFC /* SearchViewController.swift in Sources */ = {isa = PBXBuildFile; fileRef = 148CAA4F2A9C275600861CFC /* SearchViewController.swift */; };
		148CAA522A9C2EB500861CFC /* BaseView.swift in Sources */ = {isa = PBXBuildFile; fileRef = 148CAA512A9C2EB500861CFC /* BaseView.swift */; };
		148CAA552A9C2FDF00861CFC /* AddView.swift in Sources */ = {isa = PBXBuildFile; fileRef = 148CAA542A9C2FDF00861CFC /* AddView.swift */; };
		148CAA572A9C336D00861CFC /* SearchView.swift in Sources */ = {isa = PBXBuildFile; fileRef = 148CAA562A9C336D00861CFC /* SearchView.swift */; };
		148CAA592A9C368300861CFC /* BaseCollectionViewCell.swift in Sources */ = {isa = PBXBuildFile; fileRef = 148CAA582A9C368300861CFC /* BaseCollectionViewCell.swift */; };
		148CAA5B2A9C37D800861CFC /* SearchCollectionViewCell.swift in Sources */ = {isa = PBXBuildFile; fileRef = 148CAA5A2A9C37D800861CFC /* SearchCollectionViewCell.swift */; };
		14FFF8E32AA091AC00975754 /* APIKey.swift in Sources */ = {isa = PBXBuildFile; fileRef = 14FFF8E22AA091AC00975754 /* APIKey.swift */; };
		14FFF8E52AA0922500975754 /* .gitignore in Resources */ = {isa = PBXBuildFile; fileRef = 14FFF8E42AA0922500975754 /* .gitignore */; };
		14FFF8E82AA092AA00975754 /* Alamofire in Frameworks */ = {isa = PBXBuildFile; productRef = 14FFF8E72AA092AA00975754 /* Alamofire */; };
		14FFF8EB2AA0A7D200975754 /* Unsplash.swift in Sources */ = {isa = PBXBuildFile; fileRef = 14FFF8EA2AA0A7D200975754 /* Unsplash.swift */; };
		14FFF8ED2AA0ADFC00975754 /* UnsplashAPIManager.swift in Sources */ = {isa = PBXBuildFile; fileRef = 14FFF8EC2AA0ADFC00975754 /* UnsplashAPIManager.swift */; };
		14FFF8F02AA0AF4100975754 /* URL + Extension.swift in Sources */ = {isa = PBXBuildFile; fileRef = 14FFF8EF2AA0AF4100975754 /* URL + Extension.swift */; };
		14FFF8F22AA0B0CF00975754 /* SearchType.swift in Sources */ = {isa = PBXBuildFile; fileRef = 14FFF8F12AA0B0CF00975754 /* SearchType.swift */; };
		14FFF8F52AA0C32F00975754 /* Kingfisher in Frameworks */ = {isa = PBXBuildFile; productRef = 14FFF8F42AA0C32F00975754 /* Kingfisher */; };
/* End PBXBuildFile section */

/* Begin PBXContainerItemProxy section */
		1479182F2A9D9B3C00FCCDD3 /* PBXContainerItemProxy */ = {
			isa = PBXContainerItemProxy;
			containerPortal = 1479182A2A9D9B3C00FCCDD3 /* SeSAC3PhotoGramFramework.xcodeproj */;
			proxyType = 2;
			remoteGlobalIDString = 1479180C2A9D92B800FCCDD3;
			remoteInfo = SeSAC3PhotoGramFramework;
		};
		147918312A9D9B3C00FCCDD3 /* PBXContainerItemProxy */ = {
			isa = PBXContainerItemProxy;
			containerPortal = 1479182A2A9D9B3C00FCCDD3 /* SeSAC3PhotoGramFramework.xcodeproj */;
			proxyType = 2;
			remoteGlobalIDString = 147918162A9D92B800FCCDD3;
			remoteInfo = SeSAC3PhotoGramFrameworkTests;
		};
/* End PBXContainerItemProxy section */

/* Begin PBXCopyFilesBuildPhase section */
		147918362A9D9BBB00FCCDD3 /* Embed Frameworks */ = {
			isa = PBXCopyFilesBuildPhase;
			buildActionMask = 2147483647;
			dstPath = "";
			dstSubfolderSpec = 10;
			files = (
				147918352A9D9BBB00FCCDD3 /* SeSAC3PhotoGramFramework.framework in Embed Frameworks */,
			);
			name = "Embed Frameworks";
			runOnlyForDeploymentPostprocessing = 0;
		};
/* End PBXCopyFilesBuildPhase section */

/* Begin PBXFileReference section */
		14209B3F2AA01A6D0058BC88 /* HomeView.swift */ = {isa = PBXFileReference; lastKnownFileType = sourcecode.swift; path = HomeView.swift; sourceTree = "<group>"; };
		14209B412AA01A760058BC88 /* HomeViewController.swift */ = {isa = PBXFileReference; lastKnownFileType = sourcecode.swift; path = HomeViewController.swift; sourceTree = "<group>"; };
		14578EB22A9EC73E0021DD03 /* APIService.swift */ = {isa = PBXFileReference; lastKnownFileType = sourcecode.swift; path = APIService.swift; sourceTree = "<group>"; };
		14578EB42A9EEBD30021DD03 /* URLSessionViewController.swift */ = {isa = PBXFileReference; lastKnownFileType = sourcecode.swift; path = URLSessionViewController.swift; sourceTree = "<group>"; };
		14578EB92A9F49400021DD03 /* ProfileImageView.swift */ = {isa = PBXFileReference; lastKnownFileType = sourcecode.swift; path = ProfileImageView.swift; sourceTree = "<group>"; };
		14578EBB2A9F4A570021DD03 /* AvatarImageView.swift */ = {isa = PBXFileReference; lastKnownFileType = sourcecode.swift; path = AvatarImageView.swift; sourceTree = "<group>"; };
		14578EBE2A9F5B2C0021DD03 /* MainTableViewCell.swift */ = {isa = PBXFileReference; lastKnownFileType = sourcecode.swift; path = MainTableViewCell.swift; sourceTree = "<group>"; };
		14578EC02A9F5B730021DD03 /* BaseTableViewCell.swift */ = {isa = PBXFileReference; lastKnownFileType = sourcecode.swift; path = BaseTableViewCell.swift; sourceTree = "<group>"; };
		14578EC22A9F674C0021DD03 /* MainImageTableViewCell.swift */ = {isa = PBXFileReference; lastKnownFileType = sourcecode.swift; path = MainImageTableViewCell.swift; sourceTree = "<group>"; };
		14578EC42A9F6CED0021DD03 /* NextViewController.swift */ = {isa = PBXFileReference; lastKnownFileType = sourcecode.swift; path = NextViewController.swift; sourceTree = "<group>"; };
		14578EC72A9F6D470021DD03 /* NextView.swift */ = {isa = PBXFileReference; lastKnownFileType = sourcecode.swift; path = NextView.swift; sourceTree = "<group>"; };
		147917FA2A9D7BD200FCCDD3 /* Notification.Name + Extension.swift */ = {isa = PBXFileReference; lastKnownFileType = sourcecode.swift; path = "Notification.Name + Extension.swift"; sourceTree = "<group>"; };
		147917FC2A9D7C7300FCCDD3 /* DateView.swift */ = {isa = PBXFileReference; lastKnownFileType = sourcecode.swift; path = DateView.swift; sourceTree = "<group>"; };
		147917FE2A9D7CFB00FCCDD3 /* DateViewController.swift */ = {isa = PBXFileReference; lastKnownFileType = sourcecode.swift; path = DateViewController.swift; sourceTree = "<group>"; };
		147918002A9D8E8F00FCCDD3 /* DateFormat + Extension.swift */ = {isa = PBXFileReference; lastKnownFileType = sourcecode.swift; path = "DateFormat + Extension.swift"; sourceTree = "<group>"; };
		1479182A2A9D9B3C00FCCDD3 /* SeSAC3PhotoGramFramework.xcodeproj */ = {isa = PBXFileReference; lastKnownFileType = "wrapper.pb-project"; name = SeSAC3PhotoGramFramework.xcodeproj; path = ../SeSAC3PhotoGramFramework/SeSAC3PhotoGramFramework.xcodeproj; sourceTree = "<group>"; };
		1479183A2A9DB55000FCCDD3 /* TitleViewController.swift */ = {isa = PBXFileReference; lastKnownFileType = sourcecode.swift; path = TitleViewController.swift; sourceTree = "<group>"; };
		1479183C2A9DBAA400FCCDD3 /* ContentViewController.swift */ = {isa = PBXFileReference; lastKnownFileType = sourcecode.swift; path = ContentViewController.swift; sourceTree = "<group>"; };
		1479183E2A9DC76500FCCDD3 /* WebViewController.swift */ = {isa = PBXFileReference; lastKnownFileType = sourcecode.swift; path = WebViewController.swift; sourceTree = "<group>"; };
		147918412A9DD39900FCCDD3 /* MainViewController.swift */ = {isa = PBXFileReference; lastKnownFileType = sourcecode.swift; path = MainViewController.swift; sourceTree = "<group>"; };
		147918432A9DD45D00FCCDD3 /* NameView.swift */ = {isa = PBXFileReference; lastKnownFileType = sourcecode.swift; path = NameView.swift; sourceTree = "<group>"; };
		1479184A2A9DD53F00FCCDD3 /* MainView.swift */ = {isa = PBXFileReference; lastKnownFileType = sourcecode.swift; path = MainView.swift; sourceTree = "<group>"; };
		148CAA312A9C1D5200861CFC /* SeSAC3PhotoGram.app */ = {isa = PBXFileReference; explicitFileType = wrapper.application; includeInIndex = 0; path = SeSAC3PhotoGram.app; sourceTree = BUILT_PRODUCTS_DIR; };
		148CAA342A9C1D5200861CFC /* AppDelegate.swift */ = {isa = PBXFileReference; lastKnownFileType = sourcecode.swift; path = AppDelegate.swift; sourceTree = "<group>"; };
		148CAA362A9C1D5200861CFC /* SceneDelegate.swift */ = {isa = PBXFileReference; lastKnownFileType = sourcecode.swift; path = SceneDelegate.swift; sourceTree = "<group>"; };
		148CAA382A9C1D5200861CFC /* AddViewController.swift */ = {isa = PBXFileReference; lastKnownFileType = sourcecode.swift; path = AddViewController.swift; sourceTree = "<group>"; };
		148CAA3D2A9C1D5300861CFC /* Assets.xcassets */ = {isa = PBXFileReference; lastKnownFileType = folder.assetcatalog; path = Assets.xcassets; sourceTree = "<group>"; };
		148CAA402A9C1D5300861CFC /* Base */ = {isa = PBXFileReference; lastKnownFileType = file.storyboard; name = Base; path = Base.lproj/LaunchScreen.storyboard; sourceTree = "<group>"; };
		148CAA422A9C1D5300861CFC /* Info.plist */ = {isa = PBXFileReference; lastKnownFileType = text.plist.xml; path = Info.plist; sourceTree = "<group>"; };
		148CAA4B2A9C23BC00861CFC /* BaseViewController.swift */ = {isa = PBXFileReference; lastKnownFileType = sourcecode.swift; path = BaseViewController.swift; sourceTree = "<group>"; };
		148CAA4F2A9C275600861CFC /* SearchViewController.swift */ = {isa = PBXFileReference; lastKnownFileType = sourcecode.swift; path = SearchViewController.swift; sourceTree = "<group>"; };
		148CAA512A9C2EB500861CFC /* BaseView.swift */ = {isa = PBXFileReference; lastKnownFileType = sourcecode.swift; path = BaseView.swift; sourceTree = "<group>"; };
		148CAA542A9C2FDF00861CFC /* AddView.swift */ = {isa = PBXFileReference; lastKnownFileType = sourcecode.swift; path = AddView.swift; sourceTree = "<group>"; };
		148CAA562A9C336D00861CFC /* SearchView.swift */ = {isa = PBXFileReference; lastKnownFileType = sourcecode.swift; path = SearchView.swift; sourceTree = "<group>"; };
		148CAA582A9C368300861CFC /* BaseCollectionViewCell.swift */ = {isa = PBXFileReference; lastKnownFileType = sourcecode.swift; path = BaseCollectionViewCell.swift; sourceTree = "<group>"; };
		148CAA5A2A9C37D800861CFC /* SearchCollectionViewCell.swift */ = {isa = PBXFileReference; lastKnownFileType = sourcecode.swift; path = SearchCollectionViewCell.swift; sourceTree = "<group>"; };
		14FFF8E22AA091AC00975754 /* APIKey.swift */ = {isa = PBXFileReference; lastKnownFileType = sourcecode.swift; path = APIKey.swift; sourceTree = "<group>"; };
		14FFF8E42AA0922500975754 /* .gitignore */ = {isa = PBXFileReference; lastKnownFileType = text; path = .gitignore; sourceTree = "<group>"; };
		14FFF8EA2AA0A7D200975754 /* Unsplash.swift */ = {isa = PBXFileReference; lastKnownFileType = sourcecode.swift; path = Unsplash.swift; sourceTree = "<group>"; };
		14FFF8EC2AA0ADFC00975754 /* UnsplashAPIManager.swift */ = {isa = PBXFileReference; lastKnownFileType = sourcecode.swift; path = UnsplashAPIManager.swift; sourceTree = "<group>"; };
		14FFF8EF2AA0AF4100975754 /* URL + Extension.swift */ = {isa = PBXFileReference; lastKnownFileType = sourcecode.swift; path = "URL + Extension.swift"; sourceTree = "<group>"; };
		14FFF8F12AA0B0CF00975754 /* SearchType.swift */ = {isa = PBXFileReference; lastKnownFileType = sourcecode.swift; path = SearchType.swift; sourceTree = "<group>"; };
/* End PBXFileReference section */

/* Begin PBXFrameworksBuildPhase section */
		148CAA2E2A9C1D5200861CFC /* Frameworks */ = {
			isa = PBXFrameworksBuildPhase;
			buildActionMask = 2147483647;
			files = (
				14FFF8F52AA0C32F00975754 /* Kingfisher in Frameworks */,
				14FFF8E82AA092AA00975754 /* Alamofire in Frameworks */,
				148CAA4A2A9C1E2800861CFC /* SnapKit in Frameworks */,
				147918342A9D9BBB00FCCDD3 /* SeSAC3PhotoGramFramework.framework in Frameworks */,
			);
			runOnlyForDeploymentPostprocessing = 0;
		};
/* End PBXFrameworksBuildPhase section */

/* Begin PBXGroup section */
		14209B3E2AA01A550058BC88 /* Home */ = {
			isa = PBXGroup;
			children = (
				14209B3F2AA01A6D0058BC88 /* HomeView.swift */,
				14209B412AA01A760058BC88 /* HomeViewController.swift */,
			);
			path = Home;
			sourceTree = "<group>";
		};
		14578EB12A9EC7240021DD03 /* Network */ = {
			isa = PBXGroup;
			children = (
				14578EB22A9EC73E0021DD03 /* APIService.swift */,
				14578EB42A9EEBD30021DD03 /* URLSessionViewController.swift */,
			);
			path = Network;
			sourceTree = "<group>";
		};
		14578EBD2A9F4AFC0021DD03 /* MainImageView */ = {
			isa = PBXGroup;
			children = (
				14578EB92A9F49400021DD03 /* ProfileImageView.swift */,
				14578EBB2A9F4A570021DD03 /* AvatarImageView.swift */,
			);
			path = MainImageView;
			sourceTree = "<group>";
		};
		14578EC62A9F6D220021DD03 /* Next */ = {
			isa = PBXGroup;
			children = (
				14578EC72A9F6D470021DD03 /* NextView.swift */,
				14578EC42A9F6CED0021DD03 /* NextViewController.swift */,
			);
			path = Next;
			sourceTree = "<group>";
		};
		147917F92A9D7BC000FCCDD3 /* Extension */ = {
			isa = PBXGroup;
			children = (
				147917FA2A9D7BD200FCCDD3 /* Notification.Name + Extension.swift */,
				147918002A9D8E8F00FCCDD3 /* DateFormat + Extension.swift */,
			);
			path = Extension;
			sourceTree = "<group>";
		};
		1479182B2A9D9B3C00FCCDD3 /* Products */ = {
			isa = PBXGroup;
			children = (
				147918302A9D9B3C00FCCDD3 /* SeSAC3PhotoGramFramework.framework */,
				147918322A9D9B3C00FCCDD3 /* SeSAC3PhotoGramFrameworkTests.xctest */,
			);
			name = Products;
			sourceTree = "<group>";
		};
		147918332A9D9BBB00FCCDD3 /* Frameworks */ = {
			isa = PBXGroup;
			children = (
			);
			name = Frameworks;
			sourceTree = "<group>";
		};
		147918402A9DD27400FCCDD3 /* Instagram */ = {
			isa = PBXGroup;
			children = (
				14578EC62A9F6D220021DD03 /* Next */,
				147918492A9DD52A00FCCDD3 /* Main */,
			);
			path = Instagram;
			sourceTree = "<group>";
		};
		147918452A9DD46000FCCDD3 /* Name */ = {
			isa = PBXGroup;
			children = (
				147918432A9DD45D00FCCDD3 /* NameView.swift */,
			);
			path = Name;
			sourceTree = "<group>";
		};
		147918462A9DD46500FCCDD3 /* UserName */ = {
			isa = PBXGroup;
			children = (
			);
			path = UserName;
			sourceTree = "<group>";
		};
		147918472A9DD47A00FCCDD3 /* Gender */ = {
			isa = PBXGroup;
			children = (
			);
			path = Gender;
			sourceTree = "<group>";
		};
		147918482A9DD48E00FCCDD3 /* Introduce */ = {
			isa = PBXGroup;
			children = (
			);
			path = Introduce;
			sourceTree = "<group>";
		};
		147918492A9DD52A00FCCDD3 /* Main */ = {
			isa = PBXGroup;
			children = (
				1479184A2A9DD53F00FCCDD3 /* MainView.swift */,
				14578EC22A9F674C0021DD03 /* MainImageTableViewCell.swift */,
				14578EBE2A9F5B2C0021DD03 /* MainTableViewCell.swift */,
				147918412A9DD39900FCCDD3 /* MainViewController.swift */,
				14578EBD2A9F4AFC0021DD03 /* MainImageView */,
				147918452A9DD46000FCCDD3 /* Name */,
				147918462A9DD46500FCCDD3 /* UserName */,
				147918472A9DD47A00FCCDD3 /* Gender */,
				147918482A9DD48E00FCCDD3 /* Introduce */,
			);
			path = Main;
			sourceTree = "<group>";
		};
		148CAA282A9C1D5200861CFC = {
			isa = PBXGroup;
			children = (
				14FFF8E42AA0922500975754 /* .gitignore */,
				1479182A2A9D9B3C00FCCDD3 /* SeSAC3PhotoGramFramework.xcodeproj */,
				148CAA332A9C1D5200861CFC /* SeSAC3PhotoGram */,
				148CAA322A9C1D5200861CFC /* Products */,
				147918332A9D9BBB00FCCDD3 /* Frameworks */,
			);
			sourceTree = "<group>";
		};
		148CAA322A9C1D5200861CFC /* Products */ = {
			isa = PBXGroup;
			children = (
				148CAA312A9C1D5200861CFC /* SeSAC3PhotoGram.app */,
			);
			name = Products;
			sourceTree = "<group>";
		};
		148CAA332A9C1D5200861CFC /* SeSAC3PhotoGram */ = {
			isa = PBXGroup;
			children = (
				148CAA342A9C1D5200861CFC /* AppDelegate.swift */,
				148CAA362A9C1D5200861CFC /* SceneDelegate.swift */,
				1479183E2A9DC76500FCCDD3 /* WebViewController.swift */,
				14FFF8E22AA091AC00975754 /* APIKey.swift */,
				14FFF8E92AA0A7C200975754 /* API */,
				14FFF8EE2AA0AF3100975754 /* URL */,
				148CAA4D2A9C23EB00861CFC /* Base */,
				14209B3E2AA01A550058BC88 /* Home */,
				148CAA532A9C2FBE00861CFC /* Add */,
				148CAA4E2A9C272100861CFC /* Search */,
				147918402A9DD27400FCCDD3 /* Instagram */,
				147917F92A9D7BC000FCCDD3 /* Extension */,
				14578EB12A9EC7240021DD03 /* Network */,
				148CAA3D2A9C1D5300861CFC /* Assets.xcassets */,
				148CAA3F2A9C1D5300861CFC /* LaunchScreen.storyboard */,
				148CAA422A9C1D5300861CFC /* Info.plist */,
			);
			path = SeSAC3PhotoGram;
			sourceTree = "<group>";
		};
		148CAA4D2A9C23EB00861CFC /* Base */ = {
			isa = PBXGroup;
			children = (
				148CAA512A9C2EB500861CFC /* BaseView.swift */,
				14578EC02A9F5B730021DD03 /* BaseTableViewCell.swift */,
				148CAA582A9C368300861CFC /* BaseCollectionViewCell.swift */,
				148CAA4B2A9C23BC00861CFC /* BaseViewController.swift */,
			);
			path = Base;
			sourceTree = "<group>";
		};
		148CAA4E2A9C272100861CFC /* Search */ = {
			isa = PBXGroup;
			children = (
				148CAA562A9C336D00861CFC /* SearchView.swift */,
				148CAA5A2A9C37D800861CFC /* SearchCollectionViewCell.swift */,
				148CAA4F2A9C275600861CFC /* SearchViewController.swift */,
			);
			path = Search;
			sourceTree = "<group>";
		};
		148CAA532A9C2FBE00861CFC /* Add */ = {
			isa = PBXGroup;
			children = (
				148CAA542A9C2FDF00861CFC /* AddView.swift */,
				148CAA382A9C1D5200861CFC /* AddViewController.swift */,
				147917FC2A9D7C7300FCCDD3 /* DateView.swift */,
				147917FE2A9D7CFB00FCCDD3 /* DateViewController.swift */,
				1479183A2A9DB55000FCCDD3 /* TitleViewController.swift */,
				1479183C2A9DBAA400FCCDD3 /* ContentViewController.swift */,
			);
			path = Add;
			sourceTree = "<group>";
		};
		14FFF8E92AA0A7C200975754 /* API */ = {
			isa = PBXGroup;
			children = (
				14FFF8EA2AA0A7D200975754 /* Unsplash.swift */,
				14FFF8EC2AA0ADFC00975754 /* UnsplashAPIManager.swift */,
				14FFF8F12AA0B0CF00975754 /* SearchType.swift */,
			);
			path = API;
			sourceTree = "<group>";
		};
		14FFF8EE2AA0AF3100975754 /* URL */ = {
			isa = PBXGroup;
			children = (
				14FFF8EF2AA0AF4100975754 /* URL + Extension.swift */,
			);
			path = URL;
			sourceTree = "<group>";
		};
/* End PBXGroup section */

/* Begin PBXNativeTarget section */
		148CAA302A9C1D5200861CFC /* SeSAC3PhotoGram */ = {
			isa = PBXNativeTarget;
			buildConfigurationList = 148CAA452A9C1D5300861CFC /* Build configuration list for PBXNativeTarget "SeSAC3PhotoGram" */;
			buildPhases = (
				148CAA2D2A9C1D5200861CFC /* Sources */,
				148CAA2E2A9C1D5200861CFC /* Frameworks */,
				148CAA2F2A9C1D5200861CFC /* Resources */,
				147918362A9D9BBB00FCCDD3 /* Embed Frameworks */,
			);
			buildRules = (
			);
			dependencies = (
			);
			name = SeSAC3PhotoGram;
			packageProductDependencies = (
				148CAA492A9C1E2800861CFC /* SnapKit */,
				14FFF8E72AA092AA00975754 /* Alamofire */,
				14FFF8F42AA0C32F00975754 /* Kingfisher */,
			);
			productName = SeSAC3PhotoGram;
			productReference = 148CAA312A9C1D5200861CFC /* SeSAC3PhotoGram.app */;
			productType = "com.apple.product-type.application";
		};
/* End PBXNativeTarget section */

/* Begin PBXProject section */
		148CAA292A9C1D5200861CFC /* Project object */ = {
			isa = PBXProject;
			attributes = {
				BuildIndependentTargetsInParallel = 1;
				LastSwiftUpdateCheck = 1430;
				LastUpgradeCheck = 1430;
				TargetAttributes = {
					148CAA302A9C1D5200861CFC = {
						CreatedOnToolsVersion = 14.3.1;
					};
				};
			};
			buildConfigurationList = 148CAA2C2A9C1D5200861CFC /* Build configuration list for PBXProject "SeSAC3PhotoGram" */;
			compatibilityVersion = "Xcode 14.0";
			developmentRegion = en;
			hasScannedForEncodings = 0;
			knownRegions = (
				en,
				Base,
			);
			mainGroup = 148CAA282A9C1D5200861CFC;
			packageReferences = (
				148CAA482A9C1E2800861CFC /* XCRemoteSwiftPackageReference "SnapKit" */,
				14FFF8E62AA092AA00975754 /* XCRemoteSwiftPackageReference "Alamofire" */,
				14FFF8F32AA0C32F00975754 /* XCRemoteSwiftPackageReference "Kingfisher" */,
			);
			productRefGroup = 148CAA322A9C1D5200861CFC /* Products */;
			projectDirPath = "";
			projectReferences = (
				{
					ProductGroup = 1479182B2A9D9B3C00FCCDD3 /* Products */;
					ProjectRef = 1479182A2A9D9B3C00FCCDD3 /* SeSAC3PhotoGramFramework.xcodeproj */;
				},
			);
			projectRoot = "";
			targets = (
				148CAA302A9C1D5200861CFC /* SeSAC3PhotoGram */,
			);
		};
/* End PBXProject section */

/* Begin PBXReferenceProxy section */
		147918302A9D9B3C00FCCDD3 /* SeSAC3PhotoGramFramework.framework */ = {
			isa = PBXReferenceProxy;
			fileType = wrapper.framework;
			path = SeSAC3PhotoGramFramework.framework;
			remoteRef = 1479182F2A9D9B3C00FCCDD3 /* PBXContainerItemProxy */;
			sourceTree = BUILT_PRODUCTS_DIR;
		};
		147918322A9D9B3C00FCCDD3 /* SeSAC3PhotoGramFrameworkTests.xctest */ = {
			isa = PBXReferenceProxy;
			fileType = wrapper.cfbundle;
			path = SeSAC3PhotoGramFrameworkTests.xctest;
			remoteRef = 147918312A9D9B3C00FCCDD3 /* PBXContainerItemProxy */;
			sourceTree = BUILT_PRODUCTS_DIR;
		};
/* End PBXReferenceProxy section */

/* Begin PBXResourcesBuildPhase section */
		148CAA2F2A9C1D5200861CFC /* Resources */ = {
			isa = PBXResourcesBuildPhase;
			buildActionMask = 2147483647;
			files = (
				148CAA412A9C1D5300861CFC /* LaunchScreen.storyboard in Resources */,
				14FFF8E52AA0922500975754 /* .gitignore in Resources */,
				148CAA3E2A9C1D5300861CFC /* Assets.xcassets in Resources */,
			);
			runOnlyForDeploymentPostprocessing = 0;
		};
/* End PBXResourcesBuildPhase section */

/* Begin PBXSourcesBuildPhase section */
		148CAA2D2A9C1D5200861CFC /* Sources */ = {
			isa = PBXSourcesBuildPhase;
			buildActionMask = 2147483647;
			files = (
				148CAA552A9C2FDF00861CFC /* AddView.swift in Sources */,
				14578EB32A9EC73E0021DD03 /* APIService.swift in Sources */,
				14209B422AA01A760058BC88 /* HomeViewController.swift in Sources */,
				148CAA502A9C275600861CFC /* SearchViewController.swift in Sources */,
				14209B402AA01A6D0058BC88 /* HomeView.swift in Sources */,
				1479183D2A9DBAA400FCCDD3 /* ContentViewController.swift in Sources */,
				148CAA592A9C368300861CFC /* BaseCollectionViewCell.swift in Sources */,
				148CAA392A9C1D5200861CFC /* AddViewController.swift in Sources */,
				147918012A9D8E8F00FCCDD3 /* DateFormat + Extension.swift in Sources */,
				1479184B2A9DD53F00FCCDD3 /* MainView.swift in Sources */,
				14FFF8E32AA091AC00975754 /* APIKey.swift in Sources */,
				148CAA5B2A9C37D800861CFC /* SearchCollectionViewCell.swift in Sources */,
				14578EBF2A9F5B2C0021DD03 /* MainTableViewCell.swift in Sources */,
				147918442A9DD45D00FCCDD3 /* NameView.swift in Sources */,
				14FFF8ED2AA0ADFC00975754 /* UnsplashAPIManager.swift in Sources */,
				147917FF2A9D7CFB00FCCDD3 /* DateViewController.swift in Sources */,
				14578EC52A9F6CED0021DD03 /* NextViewController.swift in Sources */,
				14578EC32A9F674C0021DD03 /* MainImageTableViewCell.swift in Sources */,
				147917FB2A9D7BD200FCCDD3 /* Notification.Name + Extension.swift in Sources */,
				147917FD2A9D7C7300FCCDD3 /* DateView.swift in Sources */,
				148CAA4C2A9C23BC00861CFC /* BaseViewController.swift in Sources */,
				148CAA572A9C336D00861CFC /* SearchView.swift in Sources */,
				14578EC82A9F6D470021DD03 /* NextView.swift in Sources */,
				14FFF8F22AA0B0CF00975754 /* SearchType.swift in Sources */,
				1479183F2A9DC76500FCCDD3 /* WebViewController.swift in Sources */,
				148CAA522A9C2EB500861CFC /* BaseView.swift in Sources */,
				148CAA352A9C1D5200861CFC /* AppDelegate.swift in Sources */,
				147918422A9DD39900FCCDD3 /* MainViewController.swift in Sources */,
				148CAA372A9C1D5200861CFC /* SceneDelegate.swift in Sources */,
				14FFF8EB2AA0A7D200975754 /* Unsplash.swift in Sources */,
				1479183B2A9DB55000FCCDD3 /* TitleViewController.swift in Sources */,
				14FFF8F02AA0AF4100975754 /* URL + Extension.swift in Sources */,
				14578EBC2A9F4A570021DD03 /* AvatarImageView.swift in Sources */,
				14578EB52A9EEBD30021DD03 /* URLSessionViewController.swift in Sources */,
				14578EC12A9F5B730021DD03 /* BaseTableViewCell.swift in Sources */,
				14578EBA2A9F49400021DD03 /* ProfileImageView.swift in Sources */,
			);
			runOnlyForDeploymentPostprocessing = 0;
		};
/* End PBXSourcesBuildPhase section */

/* Begin PBXVariantGroup section */
		148CAA3F2A9C1D5300861CFC /* LaunchScreen.storyboard */ = {
			isa = PBXVariantGroup;
			children = (
				148CAA402A9C1D5300861CFC /* Base */,
			);
			name = LaunchScreen.storyboard;
			sourceTree = "<group>";
		};
/* End PBXVariantGroup section */

/* Begin XCBuildConfiguration section */
		148CAA432A9C1D5300861CFC /* Debug */ = {
			isa = XCBuildConfiguration;
			buildSettings = {
				ALWAYS_SEARCH_USER_PATHS = NO;
				CLANG_ANALYZER_NONNULL = YES;
				CLANG_ANALYZER_NUMBER_OBJECT_CONVERSION = YES_AGGRESSIVE;
				CLANG_CXX_LANGUAGE_STANDARD = "gnu++20";
				CLANG_ENABLE_MODULES = YES;
				CLANG_ENABLE_OBJC_ARC = YES;
				CLANG_ENABLE_OBJC_WEAK = YES;
				CLANG_WARN_BLOCK_CAPTURE_AUTORELEASING = YES;
				CLANG_WARN_BOOL_CONVERSION = YES;
				CLANG_WARN_COMMA = YES;
				CLANG_WARN_CONSTANT_CONVERSION = YES;
				CLANG_WARN_DEPRECATED_OBJC_IMPLEMENTATIONS = YES;
				CLANG_WARN_DIRECT_OBJC_ISA_USAGE = YES_ERROR;
				CLANG_WARN_DOCUMENTATION_COMMENTS = YES;
				CLANG_WARN_EMPTY_BODY = YES;
				CLANG_WARN_ENUM_CONVERSION = YES;
				CLANG_WARN_INFINITE_RECURSION = YES;
				CLANG_WARN_INT_CONVERSION = YES;
				CLANG_WARN_NON_LITERAL_NULL_CONVERSION = YES;
				CLANG_WARN_OBJC_IMPLICIT_RETAIN_SELF = YES;
				CLANG_WARN_OBJC_LITERAL_CONVERSION = YES;
				CLANG_WARN_OBJC_ROOT_CLASS = YES_ERROR;
				CLANG_WARN_QUOTED_INCLUDE_IN_FRAMEWORK_HEADER = YES;
				CLANG_WARN_RANGE_LOOP_ANALYSIS = YES;
				CLANG_WARN_STRICT_PROTOTYPES = YES;
				CLANG_WARN_SUSPICIOUS_MOVE = YES;
				CLANG_WARN_UNGUARDED_AVAILABILITY = YES_AGGRESSIVE;
				CLANG_WARN_UNREACHABLE_CODE = YES;
				CLANG_WARN__DUPLICATE_METHOD_MATCH = YES;
				COPY_PHASE_STRIP = NO;
				DEBUG_INFORMATION_FORMAT = dwarf;
				ENABLE_STRICT_OBJC_MSGSEND = YES;
				ENABLE_TESTABILITY = YES;
				GCC_C_LANGUAGE_STANDARD = gnu11;
				GCC_DYNAMIC_NO_PIC = NO;
				GCC_NO_COMMON_BLOCKS = YES;
				GCC_OPTIMIZATION_LEVEL = 0;
				GCC_PREPROCESSOR_DEFINITIONS = (
					"DEBUG=1",
					"$(inherited)",
				);
				GCC_WARN_64_TO_32_BIT_CONVERSION = YES;
				GCC_WARN_ABOUT_RETURN_TYPE = YES_ERROR;
				GCC_WARN_UNDECLARED_SELECTOR = YES;
				GCC_WARN_UNINITIALIZED_AUTOS = YES_AGGRESSIVE;
				GCC_WARN_UNUSED_FUNCTION = YES;
				GCC_WARN_UNUSED_VARIABLE = YES;
				IPHONEOS_DEPLOYMENT_TARGET = 16.4;
				MTL_ENABLE_DEBUG_INFO = INCLUDE_SOURCE;
				MTL_FAST_MATH = YES;
				ONLY_ACTIVE_ARCH = YES;
				SDKROOT = iphoneos;
				SWIFT_ACTIVE_COMPILATION_CONDITIONS = DEBUG;
				SWIFT_OPTIMIZATION_LEVEL = "-Onone";
			};
			name = Debug;
		};
		148CAA442A9C1D5300861CFC /* Release */ = {
			isa = XCBuildConfiguration;
			buildSettings = {
				ALWAYS_SEARCH_USER_PATHS = NO;
				CLANG_ANALYZER_NONNULL = YES;
				CLANG_ANALYZER_NUMBER_OBJECT_CONVERSION = YES_AGGRESSIVE;
				CLANG_CXX_LANGUAGE_STANDARD = "gnu++20";
				CLANG_ENABLE_MODULES = YES;
				CLANG_ENABLE_OBJC_ARC = YES;
				CLANG_ENABLE_OBJC_WEAK = YES;
				CLANG_WARN_BLOCK_CAPTURE_AUTORELEASING = YES;
				CLANG_WARN_BOOL_CONVERSION = YES;
				CLANG_WARN_COMMA = YES;
				CLANG_WARN_CONSTANT_CONVERSION = YES;
				CLANG_WARN_DEPRECATED_OBJC_IMPLEMENTATIONS = YES;
				CLANG_WARN_DIRECT_OBJC_ISA_USAGE = YES_ERROR;
				CLANG_WARN_DOCUMENTATION_COMMENTS = YES;
				CLANG_WARN_EMPTY_BODY = YES;
				CLANG_WARN_ENUM_CONVERSION = YES;
				CLANG_WARN_INFINITE_RECURSION = YES;
				CLANG_WARN_INT_CONVERSION = YES;
				CLANG_WARN_NON_LITERAL_NULL_CONVERSION = YES;
				CLANG_WARN_OBJC_IMPLICIT_RETAIN_SELF = YES;
				CLANG_WARN_OBJC_LITERAL_CONVERSION = YES;
				CLANG_WARN_OBJC_ROOT_CLASS = YES_ERROR;
				CLANG_WARN_QUOTED_INCLUDE_IN_FRAMEWORK_HEADER = YES;
				CLANG_WARN_RANGE_LOOP_ANALYSIS = YES;
				CLANG_WARN_STRICT_PROTOTYPES = YES;
				CLANG_WARN_SUSPICIOUS_MOVE = YES;
				CLANG_WARN_UNGUARDED_AVAILABILITY = YES_AGGRESSIVE;
				CLANG_WARN_UNREACHABLE_CODE = YES;
				CLANG_WARN__DUPLICATE_METHOD_MATCH = YES;
				COPY_PHASE_STRIP = NO;
				DEBUG_INFORMATION_FORMAT = "dwarf-with-dsym";
				ENABLE_NS_ASSERTIONS = NO;
				ENABLE_STRICT_OBJC_MSGSEND = YES;
				GCC_C_LANGUAGE_STANDARD = gnu11;
				GCC_NO_COMMON_BLOCKS = YES;
				GCC_WARN_64_TO_32_BIT_CONVERSION = YES;
				GCC_WARN_ABOUT_RETURN_TYPE = YES_ERROR;
				GCC_WARN_UNDECLARED_SELECTOR = YES;
				GCC_WARN_UNINITIALIZED_AUTOS = YES_AGGRESSIVE;
				GCC_WARN_UNUSED_FUNCTION = YES;
				GCC_WARN_UNUSED_VARIABLE = YES;
				IPHONEOS_DEPLOYMENT_TARGET = 16.4;
				MTL_ENABLE_DEBUG_INFO = NO;
				MTL_FAST_MATH = YES;
				SDKROOT = iphoneos;
				SWIFT_COMPILATION_MODE = wholemodule;
				SWIFT_OPTIMIZATION_LEVEL = "-O";
				VALIDATE_PRODUCT = YES;
			};
			name = Release;
		};
		148CAA462A9C1D5300861CFC /* Debug */ = {
			isa = XCBuildConfiguration;
			buildSettings = {
				ASSETCATALOG_COMPILER_APPICON_NAME = AppIcon;
				ASSETCATALOG_COMPILER_GLOBAL_ACCENT_COLOR_NAME = AccentColor;
				CODE_SIGN_STYLE = Automatic;
				CURRENT_PROJECT_VERSION = 1;
				DEVELOPMENT_TEAM = DD66GTY4AT;
				GENERATE_INFOPLIST_FILE = YES;
				INFOPLIST_FILE = SeSAC3PhotoGram/Info.plist;
				INFOPLIST_KEY_UIApplicationSupportsIndirectInputEvents = YES;
				INFOPLIST_KEY_UILaunchStoryboardName = LaunchScreen;
				INFOPLIST_KEY_UISupportedInterfaceOrientations_iPad = "UIInterfaceOrientationPortrait UIInterfaceOrientationPortraitUpsideDown UIInterfaceOrientationLandscapeLeft UIInterfaceOrientationLandscapeRight";
				INFOPLIST_KEY_UISupportedInterfaceOrientations_iPhone = "UIInterfaceOrientationPortrait UIInterfaceOrientationLandscapeLeft UIInterfaceOrientationLandscapeRight";
				LD_RUNPATH_SEARCH_PATHS = (
					"$(inherited)",
					"@executable_path/Frameworks",
				);
				MARKETING_VERSION = 1.0;
				PRODUCT_BUNDLE_IDENTIFIER = com.raehoon.SeSAC3PhotoGram;
				PRODUCT_NAME = "$(TARGET_NAME)";
				SWIFT_EMIT_LOC_STRINGS = YES;
				SWIFT_VERSION = 5.0;
				TARGETED_DEVICE_FAMILY = "1,2";
			};
			name = Debug;
		};
		148CAA472A9C1D5300861CFC /* Release */ = {
			isa = XCBuildConfiguration;
			buildSettings = {
				ASSETCATALOG_COMPILER_APPICON_NAME = AppIcon;
				ASSETCATALOG_COMPILER_GLOBAL_ACCENT_COLOR_NAME = AccentColor;
				CODE_SIGN_STYLE = Automatic;
				CURRENT_PROJECT_VERSION = 1;
				DEVELOPMENT_TEAM = DD66GTY4AT;
				GENERATE_INFOPLIST_FILE = YES;
				INFOPLIST_FILE = SeSAC3PhotoGram/Info.plist;
				INFOPLIST_KEY_UIApplicationSupportsIndirectInputEvents = YES;
				INFOPLIST_KEY_UILaunchStoryboardName = LaunchScreen;
				INFOPLIST_KEY_UISupportedInterfaceOrientations_iPad = "UIInterfaceOrientationPortrait UIInterfaceOrientationPortraitUpsideDown UIInterfaceOrientationLandscapeLeft UIInterfaceOrientationLandscapeRight";
				INFOPLIST_KEY_UISupportedInterfaceOrientations_iPhone = "UIInterfaceOrientationPortrait UIInterfaceOrientationLandscapeLeft UIInterfaceOrientationLandscapeRight";
				LD_RUNPATH_SEARCH_PATHS = (
					"$(inherited)",
					"@executable_path/Frameworks",
				);
				MARKETING_VERSION = 1.0;
				PRODUCT_BUNDLE_IDENTIFIER = com.raehoon.SeSAC3PhotoGram;
				PRODUCT_NAME = "$(TARGET_NAME)";
				SWIFT_EMIT_LOC_STRINGS = YES;
				SWIFT_VERSION = 5.0;
				TARGETED_DEVICE_FAMILY = "1,2";
			};
			name = Release;
		};
/* End XCBuildConfiguration section */

/* Begin XCConfigurationList section */
		148CAA2C2A9C1D5200861CFC /* Build configuration list for PBXProject "SeSAC3PhotoGram" */ = {
			isa = XCConfigurationList;
			buildConfigurations = (
				148CAA432A9C1D5300861CFC /* Debug */,
				148CAA442A9C1D5300861CFC /* Release */,
			);
			defaultConfigurationIsVisible = 0;
			defaultConfigurationName = Release;
		};
		148CAA452A9C1D5300861CFC /* Build configuration list for PBXNativeTarget "SeSAC3PhotoGram" */ = {
			isa = XCConfigurationList;
			buildConfigurations = (
				148CAA462A9C1D5300861CFC /* Debug */,
				148CAA472A9C1D5300861CFC /* Release */,
			);
			defaultConfigurationIsVisible = 0;
			defaultConfigurationName = Release;
		};
/* End XCConfigurationList section */

/* Begin XCRemoteSwiftPackageReference section */
		148CAA482A9C1E2800861CFC /* XCRemoteSwiftPackageReference "SnapKit" */ = {
			isa = XCRemoteSwiftPackageReference;
			repositoryURL = "https://github.com/SnapKit/SnapKit.git";
			requirement = {
				kind = upToNextMajorVersion;
				minimumVersion = 5.0.0;
			};
		};
		14FFF8E62AA092AA00975754 /* XCRemoteSwiftPackageReference "Alamofire" */ = {
			isa = XCRemoteSwiftPackageReference;
			repositoryURL = "https://github.com/Alamofire/Alamofire.git";
			requirement = {
				kind = upToNextMajorVersion;
				minimumVersion = 5.0.0;
			};
		};
		14FFF8F32AA0C32F00975754 /* XCRemoteSwiftPackageReference "Kingfisher" */ = {
			isa = XCRemoteSwiftPackageReference;
			repositoryURL = "https://github.com/onevcat/Kingfisher.git";
			requirement = {
				kind = upToNextMajorVersion;
				minimumVersion = 7.0.0;
			};
		};
/* End XCRemoteSwiftPackageReference section */

/* Begin XCSwiftPackageProductDependency section */
		148CAA492A9C1E2800861CFC /* SnapKit */ = {
			isa = XCSwiftPackageProductDependency;
			package = 148CAA482A9C1E2800861CFC /* XCRemoteSwiftPackageReference "SnapKit" */;
			productName = SnapKit;
		};
		14FFF8E72AA092AA00975754 /* Alamofire */ = {
			isa = XCSwiftPackageProductDependency;
			package = 14FFF8E62AA092AA00975754 /* XCRemoteSwiftPackageReference "Alamofire" */;
			productName = Alamofire;
		};
		14FFF8F42AA0C32F00975754 /* Kingfisher */ = {
			isa = XCSwiftPackageProductDependency;
			package = 14FFF8F32AA0C32F00975754 /* XCRemoteSwiftPackageReference "Kingfisher" */;
			productName = Kingfisher;
		};
/* End XCSwiftPackageProductDependency section */
	};
	rootObject = 148CAA292A9C1D5200861CFC /* Project object */;
}
